
Microsoft Visual Studio Solution File, Format Version 12.00
# Visual Studio Version 17
VisualStudioVersion = 17.7.34009.444
MinimumVisualStudioVersion = 10.0.40219.1
Project("{9A19103F-16F7-4668-BE54-9A1E7A4F7556}") = "MinimalAPI", "MinimalAPI\MinimalAPI.csproj", "{AC083C18-B50E-46FE-B957-DC6DA7ED3421}"
EndProject
Project("{00D1A9C2-B5F0-4AF3-8072-F6C62B433612}") = "PersonsDB", "PersonsDB\PersonsDB.sqlproj", "{9F659ED3-3325-421E-82D7-37960197DB8C}"
EndProject
Project("{FAE04EC0-301F-11D3-BF4B-00C04F79EFBC}") = "DataAccess", "DataAccess\DataAccess.csproj", "{D3385001-2140-4587-9541-79FA5C69F3E1}"
EndProject
Global
	GlobalSection(SolutionConfigurationPlatforms) = preSolution
		Debug|Any CPU = Debug|Any CPU
		Release|Any CPU = Release|Any CPU
	EndGlobalSection
	GlobalSection(ProjectConfigurationPlatforms) = postSolution
		{AC083C18-B50E-46FE-B957-DC6DA7ED3421}.Debug|Any CPU.ActiveCfg = Debug|Any CPU
		{AC083C18-B50E-46FE-B957-DC6DA7ED3421}.Debug|Any CPU.Build.0 = Debug|Any CPU
		{AC083C18-B50E-46FE-B957-DC6DA7ED3421}.Release|Any CPU.ActiveCfg = Release|Any CPU
		{AC083C18-B50E-46FE-B957-DC6DA7ED3421}.Release|Any CPU.Build.0 = Release|Any CPU
		{9F659ED3-3325-421E-82D7-37960197DB8C}.Debug|Any CPU.ActiveCfg = Debug|Any CPU
		{9F659ED3-3325-421E-82D7-37960197DB8C}.Debug|Any CPU.Build.0 = Debug|Any CPU
		{9F659ED3-3325-421E-82D7-37960197DB8C}.Debug|Any CPU.Deploy.0 = Debug|Any CPU
		{9F659ED3-3325-421E-82D7-37960197DB8C}.Release|Any CPU.ActiveCfg = Release|Any CPU
		{9F659ED3-3325-421E-82D7-37960197DB8C}.Release|Any CPU.Build.0 = Release|Any CPU
		{9F659ED3-3325-421E-82D7-37960197DB8C}.Release|Any CPU.Deploy.0 = Release|Any CPU
		{D3385001-2140-4587-9541-79FA5C69F3E1}.Debug|Any CPU.ActiveCfg = Debug|Any CPU
		{D3385001-2140-4587-9541-79FA5C69F3E1}.Debug|Any CPU.Build.0 = Debug|Any CPU
		{D3385001-2140-4587-9541-79FA5C69F3E1}.Release|Any CPU.ActiveCfg = Release|Any CPU
		{D3385001-2140-4587-9541-79FA5C69F3E1}.Release|Any CPU.Build.0 = Release|Any CPU
	EndGlobalSection
	GlobalSection(SolutionProperties) = preSolution
		HideSolutionNode = FALSE
	EndGlobalSection
	GlobalSection(ExtensibilityGlobals) = postSolution
		SolutionGuid = {15E628E0-292B-4966-B87F-B90CFA20F7FD}
	EndGlobalSection
EndGlobal
